
Microsoft Visual Studio Solution File, Format Version 12.00
# Visual Studio 15
VisualStudioVersion = 15.0.28010.2019
MinimumVisualStudioVersion = 10.0.40219.1
Project("{6EC3EE1D-3C4E-46DD-8F32-0CC8E7565705}") = "CustomSet", "CustomSet.fsproj", "{4AE8C757-8655-4C26-9A7A-6039879C74B2}"
EndProject
Global
	GlobalSection(SolutionConfigurationPlatforms) = preSolution
		Debug|Any CPU = Debug|Any CPU
		Release|Any CPU = Release|Any CPU
	EndGlobalSection
	GlobalSection(ProjectConfigurationPlatforms) = postSolution
		{4AE8C757-8655-4C26-9A7A-6039879C74B2}.Debug|Any CPU.ActiveCfg = Debug|Any CPU
		{4AE8C757-8655-4C26-9A7A-6039879C74B2}.Debug|Any CPU.Build.0 = Debug|Any CPU
		{4AE8C757-8655-4C26-9A7A-6039879C74B2}.Release|Any CPU.ActiveCfg = Release|Any CPU
		{4AE8C757-8655-4C26-9A7A-6039879C74B2}.Release|Any CPU.Build.0 = Release|Any CPU
	EndGlobalSection
	GlobalSection(SolutionProperties) = preSolution
		HideSolutionNode = FALSE
	EndGlobalSection
	GlobalSection(ExtensibilityGlobals) = postSolution
		SolutionGuid = {F5C31FEC-1146-4A80-8E5D-BC503A3B363C}
	EndGlobalSection
EndGlobal
