
Microsoft Visual Studio Solution File, Format Version 12.00
# Visual Studio 15
VisualStudioVersion = 15.0.28010.2019
MinimumVisualStudioVersion = 10.0.40219.1
Project("{6EC3EE1D-3C4E-46DD-8F32-0CC8E7565705}") = "IsbnVerifier", "IsbnVerifier.fsproj", "{DB2A9AB8-74C4-4A58-8E36-861585233012}"
EndProject
Global
	GlobalSection(SolutionConfigurationPlatforms) = preSolution
		Debug|Any CPU = Debug|Any CPU
		Release|Any CPU = Release|Any CPU
	EndGlobalSection
	GlobalSection(ProjectConfigurationPlatforms) = postSolution
		{DB2A9AB8-74C4-4A58-8E36-861585233012}.Debug|Any CPU.ActiveCfg = Debug|Any CPU
		{DB2A9AB8-74C4-4A58-8E36-861585233012}.Debug|Any CPU.Build.0 = Debug|Any CPU
		{DB2A9AB8-74C4-4A58-8E36-861585233012}.Release|Any CPU.ActiveCfg = Release|Any CPU
		{DB2A9AB8-74C4-4A58-8E36-861585233012}.Release|Any CPU.Build.0 = Release|Any CPU
	EndGlobalSection
	GlobalSection(SolutionProperties) = preSolution
		HideSolutionNode = FALSE
	EndGlobalSection
	GlobalSection(ExtensibilityGlobals) = postSolution
		SolutionGuid = {2268A98F-57E4-4A24-B933-40E0BA5B35EF}
	EndGlobalSection
EndGlobal
