
Microsoft Visual Studio Solution File, Format Version 12.00
# Visual Studio 15
VisualStudioVersion = 15.0.28010.0
MinimumVisualStudioVersion = 10.0.40219.1
Project("{6EC3EE1D-3C4E-46DD-8F32-0CC8E7565705}") = "Isogram", "Isogram.fsproj", "{CBD58E19-42CF-4B84-9AC0-A2D6E076CCF4}"
EndProject
Global
	GlobalSection(SolutionConfigurationPlatforms) = preSolution
		Debug|Any CPU = Debug|Any CPU
		Release|Any CPU = Release|Any CPU
	EndGlobalSection
	GlobalSection(ProjectConfigurationPlatforms) = postSolution
		{CBD58E19-42CF-4B84-9AC0-A2D6E076CCF4}.Debug|Any CPU.ActiveCfg = Debug|Any CPU
		{CBD58E19-42CF-4B84-9AC0-A2D6E076CCF4}.Debug|Any CPU.Build.0 = Debug|Any CPU
		{CBD58E19-42CF-4B84-9AC0-A2D6E076CCF4}.Release|Any CPU.ActiveCfg = Release|Any CPU
		{CBD58E19-42CF-4B84-9AC0-A2D6E076CCF4}.Release|Any CPU.Build.0 = Release|Any CPU
	EndGlobalSection
	GlobalSection(SolutionProperties) = preSolution
		HideSolutionNode = FALSE
	EndGlobalSection
	GlobalSection(ExtensibilityGlobals) = postSolution
		SolutionGuid = {74EF5B10-AA16-400E-8B96-5292DB7BF92C}
	EndGlobalSection
EndGlobal
