
Microsoft Visual Studio Solution File, Format Version 12.00
# Visual Studio 15
VisualStudioVersion = 15.0.28307.168
MinimumVisualStudioVersion = 10.0.40219.1
Project("{6EC3EE1D-3C4E-46DD-8F32-0CC8E7565705}") = "AllYourBase", "AllYourBase.fsproj", "{8144E109-EF19-4C83-954F-F66FAB6D05D1}"
EndProject
Global
	GlobalSection(SolutionConfigurationPlatforms) = preSolution
		Debug|Any CPU = Debug|Any CPU
		Release|Any CPU = Release|Any CPU
	EndGlobalSection
	GlobalSection(ProjectConfigurationPlatforms) = postSolution
		{8144E109-EF19-4C83-954F-F66FAB6D05D1}.Debug|Any CPU.ActiveCfg = Debug|Any CPU
		{8144E109-EF19-4C83-954F-F66FAB6D05D1}.Debug|Any CPU.Build.0 = Debug|Any CPU
		{8144E109-EF19-4C83-954F-F66FAB6D05D1}.Release|Any CPU.ActiveCfg = Release|Any CPU
		{8144E109-EF19-4C83-954F-F66FAB6D05D1}.Release|Any CPU.Build.0 = Release|Any CPU
	EndGlobalSection
	GlobalSection(SolutionProperties) = preSolution
		HideSolutionNode = FALSE
	EndGlobalSection
	GlobalSection(ExtensibilityGlobals) = postSolution
		SolutionGuid = {BA9D2379-CE1A-49C5-BBFC-A08C9DB4D073}
	EndGlobalSection
EndGlobal
