
Microsoft Visual Studio Solution File, Format Version 12.00
# Visual Studio 15
VisualStudioVersion = 15.0.28010.0
MinimumVisualStudioVersion = 10.0.40219.1
Project("{6EC3EE1D-3C4E-46DD-8F32-0CC8E7565705}") = "SimpleCipher", "SimpleCipher.fsproj", "{1067FDCF-0E44-4669-AE16-B5400960E730}"
EndProject
Global
	GlobalSection(SolutionConfigurationPlatforms) = preSolution
		Debug|Any CPU = Debug|Any CPU
		Release|Any CPU = Release|Any CPU
	EndGlobalSection
	GlobalSection(ProjectConfigurationPlatforms) = postSolution
		{1067FDCF-0E44-4669-AE16-B5400960E730}.Debug|Any CPU.ActiveCfg = Debug|Any CPU
		{1067FDCF-0E44-4669-AE16-B5400960E730}.Debug|Any CPU.Build.0 = Debug|Any CPU
		{1067FDCF-0E44-4669-AE16-B5400960E730}.Release|Any CPU.ActiveCfg = Release|Any CPU
		{1067FDCF-0E44-4669-AE16-B5400960E730}.Release|Any CPU.Build.0 = Release|Any CPU
	EndGlobalSection
	GlobalSection(SolutionProperties) = preSolution
		HideSolutionNode = FALSE
	EndGlobalSection
	GlobalSection(ExtensibilityGlobals) = postSolution
		SolutionGuid = {6CA75716-3EA9-44CA-8584-E6932AEA32A1}
	EndGlobalSection
EndGlobal
