
Microsoft Visual Studio Solution File, Format Version 12.00
# Visual Studio 15
VisualStudioVersion = 15.0.27703.2018
MinimumVisualStudioVersion = 10.0.40219.1
Project("{6EC3EE1D-3C4E-46DD-8F32-0CC8E7565705}") = "TwoFer", "TwoFer.fsproj", "{4D549923-7E50-4801-BCBB-90DF577A353F}"
EndProject
Global
	GlobalSection(SolutionConfigurationPlatforms) = preSolution
		Debug|Any CPU = Debug|Any CPU
		Release|Any CPU = Release|Any CPU
	EndGlobalSection
	GlobalSection(ProjectConfigurationPlatforms) = postSolution
		{4D549923-7E50-4801-BCBB-90DF577A353F}.Debug|Any CPU.ActiveCfg = Debug|Any CPU
		{4D549923-7E50-4801-BCBB-90DF577A353F}.Debug|Any CPU.Build.0 = Debug|Any CPU
		{4D549923-7E50-4801-BCBB-90DF577A353F}.Release|Any CPU.ActiveCfg = Release|Any CPU
		{4D549923-7E50-4801-BCBB-90DF577A353F}.Release|Any CPU.Build.0 = Release|Any CPU
	EndGlobalSection
	GlobalSection(SolutionProperties) = preSolution
		HideSolutionNode = FALSE
	EndGlobalSection
	GlobalSection(ExtensibilityGlobals) = postSolution
		SolutionGuid = {03D02BAB-B6C8-4FD1-9D9F-2597DC3E4DEF}
	EndGlobalSection
EndGlobal
