
Microsoft Visual Studio Solution File, Format Version 12.00
# Visual Studio 15
VisualStudioVersion = 15.0.28307.168
MinimumVisualStudioVersion = 10.0.40219.1
Project("{6EC3EE1D-3C4E-46DD-8F32-0CC8E7565705}") = "Meetup", "Meetup.fsproj", "{326DB8CD-A930-4ED7-B621-CC8FDF2D6FE3}"
EndProject
Global
	GlobalSection(SolutionConfigurationPlatforms) = preSolution
		Debug|Any CPU = Debug|Any CPU
		Release|Any CPU = Release|Any CPU
	EndGlobalSection
	GlobalSection(ProjectConfigurationPlatforms) = postSolution
		{326DB8CD-A930-4ED7-B621-CC8FDF2D6FE3}.Debug|Any CPU.ActiveCfg = Debug|Any CPU
		{326DB8CD-A930-4ED7-B621-CC8FDF2D6FE3}.Debug|Any CPU.Build.0 = Debug|Any CPU
		{326DB8CD-A930-4ED7-B621-CC8FDF2D6FE3}.Release|Any CPU.ActiveCfg = Release|Any CPU
		{326DB8CD-A930-4ED7-B621-CC8FDF2D6FE3}.Release|Any CPU.Build.0 = Release|Any CPU
	EndGlobalSection
	GlobalSection(SolutionProperties) = preSolution
		HideSolutionNode = FALSE
	EndGlobalSection
	GlobalSection(ExtensibilityGlobals) = postSolution
		SolutionGuid = {308126EB-D40D-4B6A-89E6-16841D25A7FC}
	EndGlobalSection
EndGlobal
