
Microsoft Visual Studio Solution File, Format Version 12.00
# Visual Studio 15
VisualStudioVersion = 15.0.28307.168
MinimumVisualStudioVersion = 10.0.40219.1
Project("{6EC3EE1D-3C4E-46DD-8F32-0CC8E7565705}") = "PhoneNumber", "PhoneNumber.fsproj", "{B7EF0C5D-6C28-4B0F-BA31-2C1F369E0D4E}"
EndProject
Global
	GlobalSection(SolutionConfigurationPlatforms) = preSolution
		Debug|Any CPU = Debug|Any CPU
		Release|Any CPU = Release|Any CPU
	EndGlobalSection
	GlobalSection(ProjectConfigurationPlatforms) = postSolution
		{B7EF0C5D-6C28-4B0F-BA31-2C1F369E0D4E}.Debug|Any CPU.ActiveCfg = Debug|Any CPU
		{B7EF0C5D-6C28-4B0F-BA31-2C1F369E0D4E}.Debug|Any CPU.Build.0 = Debug|Any CPU
		{B7EF0C5D-6C28-4B0F-BA31-2C1F369E0D4E}.Release|Any CPU.ActiveCfg = Release|Any CPU
		{B7EF0C5D-6C28-4B0F-BA31-2C1F369E0D4E}.Release|Any CPU.Build.0 = Release|Any CPU
	EndGlobalSection
	GlobalSection(SolutionProperties) = preSolution
		HideSolutionNode = FALSE
	EndGlobalSection
	GlobalSection(ExtensibilityGlobals) = postSolution
		SolutionGuid = {C7724962-DCD2-46B8-B42D-42FFCA2E4EB0}
	EndGlobalSection
EndGlobal
